{
  "version": 4,
  "terraform_version": "1.3.9",
  "serial": 8,
  "lineage": "791930a6-c0d0-497f-27e1-8addcec3b1bd",
  "outputs": {},
  "resources": [
    {
      "mode": "managed",
      "type": "docker_image",
      "name": "school_app_image",
      "provider": "provider[\"registry.terraform.io/kreuzwerker/docker\"]",
      "instances": [
        {
          "schema_version": 0,
          "attributes": {
            "build": [
              {
                "build_arg": {},
                "dockerfile": "app.dockerfile",
                "force_remove": false,
                "label": {},
                "no_cache": false,
                "path": "../school-app",
                "remove": true,
                "tag": [],
                "target": ""
              }
            ],
            "force_remove": null,
            "id": "sha256:79add2282240a6131177037a277ac2bae9713bda042d61f399342599a02c8418school-application",
            "image_id": "sha256:79add2282240a6131177037a277ac2bae9713bda042d61f399342599a02c8418",
            "keep_locally": null,
            "latest": "sha256:79add2282240a6131177037a277ac2bae9713bda042d61f399342599a02c8418",
            "name": "school-application",
            "output": null,
            "pull_trigger": null,
            "pull_triggers": null,
            "repo_digest": "",
            "triggers": null
          },
          "sensitive_attributes": [],
          "private": "bnVsbA=="
        }
      ]
    }
  ],
  "check_results": null
}
